
Microsoft Visual Studio Solution File, Format Version 12.00
# Visual Studio Version 17
VisualStudioVersion = 17.7.34031.279
MinimumVisualStudioVersion = 10.0.40219.1
Project("{9A19103F-16F7-4668-BE54-9A1E7A4F7556}") = "CapaPresentacion", "Proyecto_2P_Final\CapaPresentacion.csproj", "{B5608FD2-C895-4A2E-8447-BB4074B234E9}"
EndProject
Project("{9A19103F-16F7-4668-BE54-9A1E7A4F7556}") = "CapaDatos", "CapaDatos\CapaDatos.csproj", "{1D50949C-E0CE-41DC-9C5C-E9C8231F8AD7}"
EndProject
Project("{9A19103F-16F7-4668-BE54-9A1E7A4F7556}") = "CapaNegocio", "CapaNegocio\CapaNegocio.csproj", "{D8A109C1-F2F3-4AC2-833A-0F7131685245}"
EndProject
Project("{FAE04EC0-301F-11D3-BF4B-00C04F79EFBC}") = "TestProjecto", "TestProjecto\TestProjecto.csproj", "{C86D33E9-80A0-4939-BF82-016AA6EA676F}"
EndProject
Global
	GlobalSection(SolutionConfigurationPlatforms) = preSolution
		Debug|Any CPU = Debug|Any CPU
		Release|Any CPU = Release|Any CPU
	EndGlobalSection
	GlobalSection(ProjectConfigurationPlatforms) = postSolution
		{B5608FD2-C895-4A2E-8447-BB4074B234E9}.Debug|Any CPU.ActiveCfg = Debug|Any CPU
		{B5608FD2-C895-4A2E-8447-BB4074B234E9}.Debug|Any CPU.Build.0 = Debug|Any CPU
		{B5608FD2-C895-4A2E-8447-BB4074B234E9}.Release|Any CPU.ActiveCfg = Release|Any CPU
		{B5608FD2-C895-4A2E-8447-BB4074B234E9}.Release|Any CPU.Build.0 = Release|Any CPU
		{1D50949C-E0CE-41DC-9C5C-E9C8231F8AD7}.Debug|Any CPU.ActiveCfg = Debug|Any CPU
		{1D50949C-E0CE-41DC-9C5C-E9C8231F8AD7}.Debug|Any CPU.Build.0 = Debug|Any CPU
		{1D50949C-E0CE-41DC-9C5C-E9C8231F8AD7}.Release|Any CPU.ActiveCfg = Release|Any CPU
		{1D50949C-E0CE-41DC-9C5C-E9C8231F8AD7}.Release|Any CPU.Build.0 = Release|Any CPU
		{D8A109C1-F2F3-4AC2-833A-0F7131685245}.Debug|Any CPU.ActiveCfg = Debug|Any CPU
		{D8A109C1-F2F3-4AC2-833A-0F7131685245}.Debug|Any CPU.Build.0 = Debug|Any CPU
		{D8A109C1-F2F3-4AC2-833A-0F7131685245}.Release|Any CPU.ActiveCfg = Release|Any CPU
		{D8A109C1-F2F3-4AC2-833A-0F7131685245}.Release|Any CPU.Build.0 = Release|Any CPU
		{C86D33E9-80A0-4939-BF82-016AA6EA676F}.Debug|Any CPU.ActiveCfg = Debug|Any CPU
		{C86D33E9-80A0-4939-BF82-016AA6EA676F}.Debug|Any CPU.Build.0 = Debug|Any CPU
		{C86D33E9-80A0-4939-BF82-016AA6EA676F}.Release|Any CPU.ActiveCfg = Release|Any CPU
		{C86D33E9-80A0-4939-BF82-016AA6EA676F}.Release|Any CPU.Build.0 = Release|Any CPU
	EndGlobalSection
	GlobalSection(SolutionProperties) = preSolution
		HideSolutionNode = FALSE
	EndGlobalSection
	GlobalSection(ExtensibilityGlobals) = postSolution
		SolutionGuid = {B869013D-48E9-4B56-BD47-26D7BA697756}
	EndGlobalSection
EndGlobal
