
Microsoft Visual Studio Solution File, Format Version 12.00
# Visual Studio Version 17
VisualStudioVersion = 17.10.35004.147
MinimumVisualStudioVersion = 10.0.40219.1
Project("{FAE04EC0-301F-11D3-BF4B-00C04F79EFBC}") = "CapaPresentacion", "CapaPresentacion\CapaPresentacion.csproj", "{37C9F9BF-02B0-45C0-91F3-877CEEF485BB}"
EndProject
Project("{FAE04EC0-301F-11D3-BF4B-00C04F79EFBC}") = "CapaNegocio", "CapaNegocio\CapaNegocio.csproj", "{7C101430-D45A-4927-A16E-F0EFA2179470}"
EndProject
Project("{FAE04EC0-301F-11D3-BF4B-00C04F79EFBC}") = "CapaDatos", "CapaDatos\CapaDatos.csproj", "{E809F542-9CCF-4E0A-88F1-23BD4A2E74FA}"
EndProject
Global
	GlobalSection(SolutionConfigurationPlatforms) = preSolution
		Debug|Any CPU = Debug|Any CPU
		Release|Any CPU = Release|Any CPU
	EndGlobalSection
	GlobalSection(ProjectConfigurationPlatforms) = postSolution
		{37C9F9BF-02B0-45C0-91F3-877CEEF485BB}.Debug|Any CPU.ActiveCfg = Debug|Any CPU
		{37C9F9BF-02B0-45C0-91F3-877CEEF485BB}.Debug|Any CPU.Build.0 = Debug|Any CPU
		{37C9F9BF-02B0-45C0-91F3-877CEEF485BB}.Release|Any CPU.ActiveCfg = Release|Any CPU
		{37C9F9BF-02B0-45C0-91F3-877CEEF485BB}.Release|Any CPU.Build.0 = Release|Any CPU
		{7C101430-D45A-4927-A16E-F0EFA2179470}.Debug|Any CPU.ActiveCfg = Debug|Any CPU
		{7C101430-D45A-4927-A16E-F0EFA2179470}.Debug|Any CPU.Build.0 = Debug|Any CPU
		{7C101430-D45A-4927-A16E-F0EFA2179470}.Release|Any CPU.ActiveCfg = Release|Any CPU
		{7C101430-D45A-4927-A16E-F0EFA2179470}.Release|Any CPU.Build.0 = Release|Any CPU
		{E809F542-9CCF-4E0A-88F1-23BD4A2E74FA}.Debug|Any CPU.ActiveCfg = Debug|Any CPU
		{E809F542-9CCF-4E0A-88F1-23BD4A2E74FA}.Debug|Any CPU.Build.0 = Debug|Any CPU
		{E809F542-9CCF-4E0A-88F1-23BD4A2E74FA}.Release|Any CPU.ActiveCfg = Release|Any CPU
		{E809F542-9CCF-4E0A-88F1-23BD4A2E74FA}.Release|Any CPU.Build.0 = Release|Any CPU
	EndGlobalSection
	GlobalSection(SolutionProperties) = preSolution
		HideSolutionNode = FALSE
	EndGlobalSection
	GlobalSection(ExtensibilityGlobals) = postSolution
		SolutionGuid = {916530A3-B966-41F4-9C5D-E4BDA1FA1C08}
	EndGlobalSection
EndGlobal
